hash: bce15a88485708ef7187a69e40a1412bf4539f1cd9db6b82a58d7ae6b722eafe
updated: 2017-04-26T23:43:41.27174194+01:00
imports: []
testImports:
- name: github.com/gopherjs/gopherjs
  version: acd7601d2a20b8dbef844f92b7bdb031f05f4442
  subpackages:
  - js
- name: github.com/jtolds/gls
  version: bb0351aa7eb6f322f32667d51375f26a2bca6628
- name: github.com/smartystreets/assertions
  version: 26acb9229f421449ac63d014995b282d59261a8b
  subpackages:
  - internal/go-render/render
  - internal/oglematchers
- name: github.com/smartystreets/goconvey
  version: d4c757aa9afd1e2fc1832aaab209b5794eb336e1
  subpackages:
  - convey
  - convey/gotest
  - convey/reporting
